// !$*UTF8*$!
{
	archiveVersion = 1;
	classes = {
	};
	objectVersion = 46;
	objects = {

/* Begin PBXBuildFile section */
		E13CD62E1593885B00E3103F /* UIKit.framework in Frameworks */ = {isa = PBXBuildFile; fileRef = E13CD62D1593885B00E3103F /* UIKit.framework */; };
		E13CD6301593885B00E3103F /* Foundation.framework in Frameworks */ = {isa = PBXBuildFile; fileRef = E13CD62F1593885B00E3103F /* Foundation.framework */; };
		E13CD6321593885B00E3103F /* CoreGraphics.framework in Frameworks */ = {isa = PBXBuildFile; fileRef = E13CD6311593885B00E3103F /* CoreGraphics.framework */; };
		E13CD6381593885B00E3103F /* InfoPlist.strings in Resources */ = {isa = PBXBuildFile; fileRef = E13CD6361593885B00E3103F /* InfoPlist.strings */; };
		E13CD63A1593885B00E3103F /* main.m in Sources */ = {isa = PBXBuildFile; fileRef = E13CD6391593885B00E3103F /* main.m */; };
		E13CD63E1593885B00E3103F /* ChapAppDelegate.m in Sources */ = {isa = PBXBuildFile; fileRef = E13CD63D1593885B00E3103F /* ChapAppDelegate.m */; };
		E13CD6411593885B00E3103F /* MainStoryboard.storyboard in Resources */ = {isa = PBXBuildFile; fileRef = E13CD63F1593885B00E3103F /* MainStoryboard.storyboard */; };
		E13CD6441593885B00E3103F /* ChapLoginViewController.m in Sources */ = {isa = PBXBuildFile; fileRef = E13CD6431593885B00E3103F /* ChapLoginViewController.m */; };
		E13CD6461593885B00E3103F /* first.png in Resources */ = {isa = PBXBuildFile; fileRef = E13CD6451593885B00E3103F /* first.png */; };
		E13CD6481593885B00E3103F /* first@2x.png in Resources */ = {isa = PBXBuildFile; fileRef = E13CD6471593885B00E3103F /* first@2x.png */; };
		E13CD64B1593885B00E3103F /* ChapTrackViewController.m in Sources */ = {isa = PBXBuildFile; fileRef = E13CD64A1593885B00E3103F /* ChapTrackViewController.m */; };
		E13CD64D1593885B00E3103F /* second.png in Resources */ = {isa = PBXBuildFile; fileRef = E13CD64C1593885B00E3103F /* second.png */; };
		E13CD64F1593885B00E3103F /* second@2x.png in Resources */ = {isa = PBXBuildFile; fileRef = E13CD64E1593885B00E3103F /* second@2x.png */; };
		E13CD65615938DE800E3103F /* chap.jpg in Resources */ = {isa = PBXBuildFile; fileRef = E13CD65515938DE800E3103F /* chap.jpg */; };
		E19F166F1593948A000AB01B /* ChapTrack.m in Sources */ = {isa = PBXBuildFile; fileRef = E19F166E1593948A000AB01B /* ChapTrack.m */; };
/* End PBXBuildFile section */

/* Begin PBXFileReference section */
		E13CD6291593885B00E3103F /* ChallengeApp.app */ = {isa = PBXFileReference; explicitFileType = wrapper.application; includeInIndex = 0; path = ChallengeApp.app; sourceTree = BUILT_PRODUCTS_DIR; };
		E13CD62D1593885B00E3103F /* UIKit.framework */ = {isa = PBXFileReference; lastKnownFileType = wrapper.framework; name = UIKit.framework; path = System/Library/Frameworks/UIKit.framework; sourceTree = SDKROOT; };
		E13CD62F1593885B00E3103F /* Foundation.framework */ = {isa = PBXFileReference; lastKnownFileType = wrapper.framework; name = Foundation.framework; path = System/Library/Frameworks/Foundation.framework; sourceTree = SDKROOT; };
		E13CD6311593885B00E3103F /* CoreGraphics.framework */ = {isa = PBXFileReference; lastKnownFileType = wrapper.framework; name = CoreGraphics.framework; path = System/Library/Frameworks/CoreGraphics.framework; sourceTree = SDKROOT; };
		E13CD6351593885B00E3103F /* ChallengeApp-Info.plist */ = {isa = PBXFileReference; lastKnownFileType = text.plist.xml; path = "ChallengeApp-Info.plist"; sourceTree = "<group>"; };
		E13CD6371593885B00E3103F /* en */ = {isa = PBXFileReference; lastKnownFileType = text.plist.strings; name = en; path = en.lproj/InfoPlist.strings; sourceTree = "<group>"; };
		E13CD6391593885B00E3103F /* main.m */ = {isa = PBXFileReference; lastKnownFileType = sourcecode.c.objc; path = main.m; sourceTree = "<group>"; };
		E13CD63B1593885B00E3103F /* ChallengeApp-Prefix.pch */ = {isa = PBXFileReference; lastKnownFileType = sourcecode.c.h; path = "ChallengeApp-Prefix.pch"; sourceTree = "<group>"; };
		E13CD63C1593885B00E3103F /* ChapAppDelegate.h */ = {isa = PBXFileReference; lastKnownFileType = sourcecode.c.h; path = ChapAppDelegate.h; sourceTree = "<group>"; };
		E13CD63D1593885B00E3103F /* ChapAppDelegate.m */ = {isa = PBXFileReference; lastKnownFileType = sourcecode.c.objc; path = ChapAppDelegate.m; sourceTree = "<group>"; };
		E13CD6401593885B00E3103F /* en */ = {isa = PBXFileReference; lastKnownFileType = file.storyboard; name = en; path = en.lproj/MainStoryboard.storyboard; sourceTree = "<group>"; };
		E13CD6421593885B00E3103F /* ChapLoginViewController.h */ = {isa = PBXFileReference; lastKnownFileType = sourcecode.c.h; path = ChapLoginViewController.h; sourceTree = "<group>"; };
		E13CD6431593885B00E3103F /* ChapLoginViewController.m */ = {isa = PBXFileReference; lastKnownFileType = sourcecode.c.objc; path = ChapLoginViewController.m; sourceTree = "<group>"; };
		E13CD6451593885B00E3103F /* first.png */ = {isa = PBXFileReference; lastKnownFileType = image.png; path = first.png; sourceTree = "<group>"; };
		E13CD6471593885B00E3103F /* first@2x.png */ = {isa = PBXFileReference; lastKnownFileType = image.png; path = "first@2x.png"; sourceTree = "<group>"; };
		E13CD6491593885B00E3103F /* ChapTrackViewController.h */ = {isa = PBXFileReference; lastKnownFileType = sourcecode.c.h; path = ChapTrackViewController.h; sourceTree = "<group>"; };
		E13CD64A1593885B00E3103F /* ChapTrackViewController.m */ = {isa = PBXFileReference; lastKnownFileType = sourcecode.c.objc; path = ChapTrackViewController.m; sourceTree = "<group>"; };
		E13CD64C1593885B00E3103F /* second.png */ = {isa = PBXFileReference; lastKnownFileType = image.png; path = second.png; sourceTree = "<group>"; };
		E13CD64E1593885B00E3103F /* second@2x.png */ = {isa = PBXFileReference; lastKnownFileType = image.png; path = "second@2x.png"; sourceTree = "<group>"; };
		E13CD65515938DE800E3103F /* chap.jpg */ = {isa = PBXFileReference; lastKnownFileType = image.jpeg; path = chap.jpg; sourceTree = "<group>"; };
		E19F166D1593948A000AB01B /* ChapTrack.h */ = {isa = PBXFileReference; fileEncoding = 4; lastKnownFileType = sourcecode.c.h; path = ChapTrack.h; sourceTree = "<group>"; };
		E19F166E1593948A000AB01B /* ChapTrack.m */ = {isa = PBXFileReference; fileEncoding = 4; lastKnownFileType = sourcecode.c.objc; path = ChapTrack.m; sourceTree = "<group>"; };
/* End PBXFileReference section */

/* Begin PBXFrameworksBuildPhase section */
		E13CD6261593885B00E3103F /* Frameworks */ = {
			isa = PBXFrameworksBuildPhase;
			buildActionMask = 2147483647;
			files = (
				E13CD62E1593885B00E3103F /* UIKit.framework in Frameworks */,
				E13CD6301593885B00E3103F /* Foundation.framework in Frameworks */,
				E13CD6321593885B00E3103F /* CoreGraphics.framework in Frameworks */,
			);
			runOnlyForDeploymentPostprocessing = 0;
		};
/* End PBXFrameworksBuildPhase section */

/* Begin PBXGroup section */
		E13CD61E1593885A00E3103F = {
			isa = PBXGroup;
			children = (
				E13CD6331593885B00E3103F /* ChallengeApp */,
				E13CD62C1593885B00E3103F /* Frameworks */,
				E13CD62A1593885B00E3103F /* Products */,
			);
			sourceTree = "<group>";
		};
		E13CD62A1593885B00E3103F /* Products */ = {
			isa = PBXGroup;
			children = (
				E13CD6291593885B00E3103F /* ChallengeApp.app */,
			);
			name = Products;
			sourceTree = "<group>";
		};
		E13CD62C1593885B00E3103F /* Frameworks */ = {
			isa = PBXGroup;
			children = (
				E13CD62D1593885B00E3103F /* UIKit.framework */,
				E13CD62F1593885B00E3103F /* Foundation.framework */,
				E13CD6311593885B00E3103F /* CoreGraphics.framework */,
			);
			name = Frameworks;
			sourceTree = "<group>";
		};
		E13CD6331593885B00E3103F /* ChallengeApp */ = {
			isa = PBXGroup;
			children = (
				E13CD65515938DE800E3103F /* chap.jpg */,
				E13CD63C1593885B00E3103F /* ChapAppDelegate.h */,
				E13CD63D1593885B00E3103F /* ChapAppDelegate.m */,
				E13CD63F1593885B00E3103F /* MainStoryboard.storyboard */,
				E13CD6421593885B00E3103F /* ChapLoginViewController.h */,
				E13CD6431593885B00E3103F /* ChapLoginViewController.m */,
				E13CD6451593885B00E3103F /* first.png */,
				E13CD6471593885B00E3103F /* first@2x.png */,
				E13CD6491593885B00E3103F /* ChapTrackViewController.h */,
				E19F166D1593948A000AB01B /* ChapTrack.h */,
				E19F166E1593948A000AB01B /* ChapTrack.m */,
				E13CD64A1593885B00E3103F /* ChapTrackViewController.m */,
				E13CD64C1593885B00E3103F /* second.png */,
				E13CD64E1593885B00E3103F /* second@2x.png */,
				E13CD6341593885B00E3103F /* Supporting Files */,
			);
			path = ChallengeApp;
			sourceTree = "<group>";
		};
		E13CD6341593885B00E3103F /* Supporting Files */ = {
			isa = PBXGroup;
			children = (
				E13CD6351593885B00E3103F /* ChallengeApp-Info.plist */,
				E13CD6361593885B00E3103F /* InfoPlist.strings */,
				E13CD6391593885B00E3103F /* main.m */,
				E13CD63B1593885B00E3103F /* ChallengeApp-Prefix.pch */,
			);
			name = "Supporting Files";
			sourceTree = "<group>";
		};
/* End PBXGroup section */

/* Begin PBXNativeTarget section */
		E13CD6281593885B00E3103F /* ChallengeApp */ = {
			isa = PBXNativeTarget;
			buildConfigurationList = E13CD6521593885B00E3103F /* Build configuration list for PBXNativeTarget "ChallengeApp" */;
			buildPhases = (
				E13CD6251593885B00E3103F /* Sources */,
				E13CD6261593885B00E3103F /* Frameworks */,
				E13CD6271593885B00E3103F /* Resources */,
			);
			buildRules = (
			);
			dependencies = (
			);
			name = ChallengeApp;
			productName = ChallengeApp;
			productReference = E13CD6291593885B00E3103F /* ChallengeApp.app */;
			productType = "com.apple.product-type.application";
		};
/* End PBXNativeTarget section */

/* Begin PBXProject section */
		E13CD6201593885A00E3103F /* Project object */ = {
			isa = PBXProject;
			attributes = {
				CLASSPREFIX = Chap;
				LastUpgradeCheck = 0430;
			};
			buildConfigurationList = E13CD6231593885A00E3103F /* Build configuration list for PBXProject "ChallengeApp" */;
			compatibilityVersion = "Xcode 3.2";
			developmentRegion = English;
			hasScannedForEncodings = 0;
			knownRegions = (
				en,
			);
			mainGroup = E13CD61E1593885A00E3103F;
			productRefGroup = E13CD62A1593885B00E3103F /* Products */;
			projectDirPath = "";
			projectRoot = "";
			targets = (
				E13CD6281593885B00E3103F /* ChallengeApp */,
			);
		};
/* End PBXProject section */

/* Begin PBXResourcesBuildPhase section */
		E13CD6271593885B00E3103F /* Resources */ = {
			isa = PBXResourcesBuildPhase;
			buildActionMask = 2147483647;
			files = (
				E13CD6381593885B00E3103F /* InfoPlist.strings in Resources */,
				E13CD6411593885B00E3103F /* MainStoryboard.storyboard in Resources */,
				E13CD6461593885B00E3103F /* first.png in Resources */,
				E13CD6481593885B00E3103F /* first@2x.png in Resources */,
				E13CD64D1593885B00E3103F /* second.png in Resources */,
				E13CD64F1593885B00E3103F /* second@2x.png in Resources */,
				E13CD65615938DE800E3103F /* chap.jpg in Resources */,
			);
			runOnlyForDeploymentPostprocessing = 0;
		};
/* End PBXResourcesBuildPhase section */

/* Begin PBXSourcesBuildPhase section */
		E13CD6251593885B00E3103F /* Sources */ = {
			isa = PBXSourcesBuildPhase;
			buildActionMask = 2147483647;
			files = (
				E13CD63A1593885B00E3103F /* main.m in Sources */,
				E13CD63E1593885B00E3103F /* ChapAppDelegate.m in Sources */,
				E13CD6441593885B00E3103F /* ChapLoginViewController.m in Sources */,
				E13CD64B1593885B00E3103F /* ChapTrackViewController.m in Sources */,
				E19F166F1593948A000AB01B /* ChapTrack.m in Sources */,
			);
			runOnlyForDeploymentPostprocessing = 0;
		};
/* End PBXSourcesBuildPhase section */

/* Begin PBXVariantGroup section */
		E13CD6361593885B00E3103F /* InfoPlist.strings */ = {
			isa = PBXVariantGroup;
			children = (
				E13CD6371593885B00E3103F /* en */,
			);
			name = InfoPlist.strings;
			sourceTree = "<group>";
		};
		E13CD63F1593885B00E3103F /* MainStoryboard.storyboard */ = {
			isa = PBXVariantGroup;
			children = (
				E13CD6401593885B00E3103F /* en */,
			);
			name = MainStoryboard.storyboard;
			sourceTree = "<group>";
		};
/* End PBXVariantGroup section */

/* Begin XCBuildConfiguration section */
		E13CD6501593885B00E3103F /* Debug */ = {
			isa = XCBuildConfiguration;
			buildSettings = {
				ALWAYS_SEARCH_USER_PATHS = NO;
				ARCHS = "$(ARCHS_STANDARD_32_BIT)";
				CLANG_ENABLE_OBJC_ARC = YES;
				"CODE_SIGN_IDENTITY[sdk=iphoneos*]" = "iPhone Developer";
				COPY_PHASE_STRIP = NO;
				GCC_C_LANGUAGE_STANDARD = gnu99;
				GCC_DYNAMIC_NO_PIC = NO;
				GCC_OPTIMIZATION_LEVEL = 0;
				GCC_PREPROCESSOR_DEFINITIONS = (
					"DEBUG=1",
					"$(inherited)",
				);
				GCC_SYMBOLS_PRIVATE_EXTERN = NO;
				GCC_VERSION = com.apple.compilers.llvm.clang.1_0;
				GCC_WARN_ABOUT_RETURN_TYPE = YES;
				GCC_WARN_UNINITIALIZED_AUTOS = YES;
				GCC_WARN_UNUSED_VARIABLE = YES;
				IPHONEOS_DEPLOYMENT_TARGET = 5.1;
				SDKROOT = iphoneos;
			};
			name = Debug;
		};
		E13CD6511593885B00E3103F /* Release */ = {
			isa = XCBuildConfiguration;
			buildSettings = {
				ALWAYS_SEARCH_USER_PATHS = NO;
				ARCHS = "$(ARCHS_STANDARD_32_BIT)";
				CLANG_ENABLE_OBJC_ARC = YES;
				"CODE_SIGN_IDENTITY[sdk=iphoneos*]" = "iPhone Developer";
				COPY_PHASE_STRIP = YES;
				GCC_C_LANGUAGE_STANDARD = gnu99;
				GCC_VERSION = com.apple.compilers.llvm.clang.1_0;
				GCC_WARN_ABOUT_RETURN_TYPE = YES;
				GCC_WARN_UNINITIALIZED_AUTOS = YES;
				GCC_WARN_UNUSED_VARIABLE = YES;
				IPHONEOS_DEPLOYMENT_TARGET = 5.1;
				OTHER_CFLAGS = "-DNS_BLOCK_ASSERTIONS=1";
				SDKROOT = iphoneos;
				VALIDATE_PRODUCT = YES;
			};
			name = Release;
		};
		E13CD6531593885B00E3103F /* Debug */ = {
			isa = XCBuildConfiguration;
			buildSettings = {
				GCC_PRECOMPILE_PREFIX_HEADER = YES;
				GCC_PREFIX_HEADER = "ChallengeApp/ChallengeApp-Prefix.pch";
				INFOPLIST_FILE = "ChallengeApp/ChallengeApp-Info.plist";
				PRODUCT_NAME = "$(TARGET_NAME)";
				WRAPPER_EXTENSION = app;
			};
			name = Debug;
		};
		E13CD6541593885B00E3103F /* Release */ = {
			isa = XCBuildConfiguration;
			buildSettings = {
				GCC_PRECOMPILE_PREFIX_HEADER = YES;
				GCC_PREFIX_HEADER = "ChallengeApp/ChallengeApp-Prefix.pch";
				INFOPLIST_FILE = "ChallengeApp/ChallengeApp-Info.plist";
				PRODUCT_NAME = "$(TARGET_NAME)";
				WRAPPER_EXTENSION = app;
			};
			name = Release;
		};
/* End XCBuildConfiguration section */

/* Begin XCConfigurationList section */
		E13CD6231593885A00E3103F /* Build configuration list for PBXProject "ChallengeApp" */ = {
			isa = XCConfigurationList;
			buildConfigurations = (
				E13CD6501593885B00E3103F /* Debug */,
				E13CD6511593885B00E3103F /* Release */,
			);
			defaultConfigurationIsVisible = 0;
			defaultConfigurationName = Release;
		};
		E13CD6521593885B00E3103F /* Build configuration list for PBXNativeTarget "ChallengeApp" */ = {
			isa = XCConfigurationList;
			buildConfigurations = (
				E13CD6531593885B00E3103F /* Debug */,
				E13CD6541593885B00E3103F /* Release */,
			);
			defaultConfigurationIsVisible = 0;
			defaultConfigurationName = Release;
		};
/* End XCConfigurationList section */
	};
	rootObject = E13CD6201593885A00E3103F /* Project object */;
}
